{
    "version": 3,
    "terraform_version": "0.11.8",
    "serial": 4,
    "lineage": "ccf843a3-3b54-3918-efa5-2c28b640b073",
    "modules": [
        {
            "path": [
                "root"
            ],
            "outputs": {},
            "resources": {
                "aws_key_pair.deployer": {
                    "type": "aws_key_pair",
                    "depends_on": [],
                    "primary": {
                        "id": "tf_key",
                        "attributes": {
                            "id": "tf_key",
                            "key_name": "tf_key",
                            "public_key": "ssh-rsa AAAAB3NzaC1yc2EAAAADAQABAAABAQDQeGiLjSASH2WJryBEtORLfXpua7otz6byLfPnxiqMtZoVFBFukUey8y6SfZiHwpcHNBuq8GH+ovpVBu+BowP0z4Owd/n4EmTnwd28LKtX/0jV3RJgt6cW3twWOtgvKmqL5xYB3/EkQ5zpRJbdCPHa2I58XEye82zVKDQvQrARGj6r+XkchNrkhtQrlaSD9OE8dFfgpVQcD9i33gjA1n2Uai5uku3Rilz0zWlt957rEwFOFGF46Vt3FQ/P5wYSA3A9iP+gUYbnoQ7FH+Rc80tddWTcfIrUa2AApblnj9CC5yjstbAj6OW/tPzVVWpiwC/c47fbTsyZr2nBoRS4cf65 ec2-user@ip-172-31-27-66.eu-west-1.compute.internal"
                        },
                        "meta": {
                            "schema_version": "1"
                        },
                        "tainted": false
                    },
                    "deposed": [],
                    "provider": "provider.aws"
                }
            },
            "depends_on": []
        },
        {
            "path": [
                "root",
                "emr"
            ],
            "outputs": {},
            "resources": {
                "aws_emr_cluster.emr-cluster": {
                    "type": "aws_emr_cluster",
                    "depends_on": [
                        "aws_iam_instance_profile.test_greg_ec2_profile",
                        "aws_iam_role.test_greg_emr_role",
                        "aws_security_group.master",
                        "aws_security_group.slave"
                    ],
                    "primary": {
                        "id": "j-18ZULN71PP639",
                        "attributes": {
                            "applications.#": "8",
                            "applications.1018058942": "Tez",
                            "applications.1557323817": "Spark",
                            "applications.2086606022": "Hive",
                            "applications.3006569794": "Hadoop",
                            "applications.3213210460": "ZooKeeper",
                            "applications.3601322644": "HCatalog",
                            "applications.3998752014": "Hue",
                            "applications.4065266680": "Presto",
                            "autoscaling_role": "",
                            "bootstrap_action.#": "0",
                            "cluster_state": "WAITING",
                            "core_instance_count": "4",
                            "core_instance_type": "m4.xlarge",
                            "ebs_root_volume_size": "0",
                            "ec2_attributes.#": "1",
                            "ec2_attributes.0.additional_master_security_groups": "",
                            "ec2_attributes.0.additional_slave_security_groups": "",
                            "ec2_attributes.0.emr_managed_master_security_group": "sg-052dbb464acf81696",
                            "ec2_attributes.0.emr_managed_slave_security_group": "sg-0bb3aac88102c9a88",
                            "ec2_attributes.0.instance_profile": "arn:aws:iam::087131782018:instance-profile/test_greg_ec2_profile",
                            "ec2_attributes.0.key_name": "tf_key",
                            "ec2_attributes.0.service_access_security_group": "",
                            "ec2_attributes.0.subnet_id": "subnet-00a4e072ccde161ff",
                            "id": "j-18ZULN71PP639",
                            "kerberos_attributes.#": "0",
                            "log_uri": "",
                            "master_instance_type": "m4.xlarge",
                            "master_public_dns": "ec2-34-247-90-135.eu-west-1.compute.amazonaws.com",
                            "name": "test-greg-ceres",
                            "release_label": "emr-5.16.0",
                            "scale_down_behavior": "TERMINATE_AT_TASK_COMPLETION",
                            "security_configuration": "",
                            "service_role": "arn:aws:iam::087131782018:role/test_greg_emr_role",
                            "step.#": "0",
                            "tags.%": "1",
                            "tags.Name": "emr-gregTest-1",
                            "visible_to_all_users": "true"
                        },
                        "meta": {},
                        "tainted": false
                    },
                    "deposed": [],
                    "provider": "provider.aws"
                },
                "aws_iam_instance_profile.test_greg_ec2_profile": {
                    "type": "aws_iam_instance_profile",
                    "depends_on": [
                        "aws_iam_role.test_greg_ec2_role"
                    ],
                    "primary": {
                        "id": "test_greg_ec2_profile",
                        "attributes": {
                            "arn": "arn:aws:iam::087131782018:instance-profile/test_greg_ec2_profile",
                            "create_date": "2018-08-27T13:10:30Z",
                            "id": "test_greg_ec2_profile",
                            "name": "test_greg_ec2_profile",
                            "path": "/",
                            "roles.#": "1",
                            "roles.2326448922": "test_greg_ec2_role",
                            "unique_id": "AIPAIL7JXLHHCGNUN3FDW"
                        },
                        "meta": {},
                        "tainted": false
                    },
                    "deposed": [],
                    "provider": "provider.aws"
                },
                "aws_iam_role.test_greg_ec2_role": {
                    "type": "aws_iam_role",
                    "depends_on": [],
                    "primary": {
                        "id": "test_greg_ec2_role",
                        "attributes": {
                            "arn": "arn:aws:iam::087131782018:role/test_greg_ec2_role",
                            "assume_role_policy": "{\"Version\":\"2008-10-17\",\"Statement\":[{\"Sid\":\"\",\"Effect\":\"Allow\",\"Principal\":{\"Service\":\"ec2.amazonaws.com\"},\"Action\":\"sts:AssumeRole\"}]}",
                            "create_date": "2018-08-27T13:10:29Z",
                            "description": "",
                            "force_detach_policies": "false",
                            "id": "test_greg_ec2_role",
                            "max_session_duration": "3600",
                            "name": "test_greg_ec2_role",
                            "path": "/",
                            "unique_id": "AROAJTZW2BZ6YUEOLIT7Q"
                        },
                        "meta": {},
                        "tainted": false
                    },
                    "deposed": [],
                    "provider": "provider.aws"
                },
                "aws_iam_role.test_greg_emr_role": {
                    "type": "aws_iam_role",
                    "depends_on": [],
                    "primary": {
                        "id": "test_greg_emr_role",
                        "attributes": {
                            "arn": "arn:aws:iam::087131782018:role/test_greg_emr_role",
                            "assume_role_policy": "{\"Version\":\"2008-10-17\",\"Statement\":[{\"Sid\":\"\",\"Effect\":\"Allow\",\"Principal\":{\"Service\":\"elasticmapreduce.amazonaws.com\"},\"Action\":\"sts:AssumeRole\"}]}",
                            "create_date": "2018-08-27T13:10:29Z",
                            "description": "",
                            "force_detach_policies": "false",
                            "id": "test_greg_emr_role",
                            "max_session_duration": "3600",
                            "name": "test_greg_emr_role",
                            "path": "/",
                            "unique_id": "AROAIF5L6YUWC3B5IM44Y"
                        },
                        "meta": {},
                        "tainted": false
                    },
                    "deposed": [],
                    "provider": "provider.aws"
                },
                "aws_iam_role_policy.test_greg_ec2_policy": {
                    "type": "aws_iam_role_policy",
                    "depends_on": [
                        "aws_iam_role.test_greg_ec2_role"
                    ],
                    "primary": {
                        "id": "test_greg_ec2_role:test_greg_ec2_policy",
                        "attributes": {
                            "id": "test_greg_ec2_role:test_greg_ec2_policy",
                            "name": "test_greg_ec2_policy",
                            "policy": "{\n    \"Version\": \"2012-10-17\",\n    \"Statement\": [{\n        \"Effect\": \"Allow\",\n        \"Resource\": \"*\",\n        \"Action\": [\n            \"cloudwatch:*\",\n            \"ec2:Describe*\",\n            \"elasticmapreduce:Describe*\",\n            \"elasticmapreduce:ListBootstrapActions\",\n            \"elasticmapreduce:ListClusters\",\n            \"elasticmapreduce:ListInstanceGroups\",\n            \"elasticmapreduce:ListInstances\",\n            \"elasticmapreduce:ListSteps\",\n            \"rds:Describe*\"\n        ]\n    },\n    {\n        \"Effect\": \"Allow\",\n        \"Action\": [\n            \"s3:ListAllMyBuckets\"\n        ],\n        \"Resource\": [\n            \"arn:aws:s3:::*\"\n        ]\n    },\n    {\n        \"Effect\": \"Allow\",\n        \"Action\": [\n            \"s3:GetBucketLocation\",\n            \"s3:ListBucket\"\n        ],\n        \"Resource\": [\n            \"arn:aws:s3:::bdpoc-6bee81011b7e26b06861076be41472a66\"\n        ]\n    },\n    {\n        \"Effect\": \"Allow\",\n        \"Action\": [\n            \"s3:GetObject\"\n        ],\n        \"Resource\": [\n            \"arn:aws:s3:::bdpoc-6bee81011b7e26b06861076be41472a66/*\"\n        ]\n    }]\n}\n",
                            "role": "test_greg_ec2_role"
                        },
                        "meta": {},
                        "tainted": false
                    },
                    "deposed": [],
                    "provider": "provider.aws"
                },
                "aws_iam_role_policy.test_greg_emr_policy": {
                    "type": "aws_iam_role_policy",
                    "depends_on": [
                        "aws_iam_role.test_greg_emr_role"
                    ],
                    "primary": {
                        "id": "test_greg_emr_role:test_greg_emr_policy",
                        "attributes": {
                            "id": "test_greg_emr_role:test_greg_emr_policy",
                            "name": "test_greg_emr_policy",
                            "policy": "{\n    \"Version\": \"2012-10-17\",\n    \"Statement\": [{\n        \"Effect\": \"Allow\",\n        \"Resource\": \"*\",\n        \"Action\": [\n            \"ec2:AuthorizeSecurityGroupEgress\",\n            \"ec2:AuthorizeSecurityGroupIngress\",\n            \"ec2:CancelSpotInstanceRequests\",\n            \"ec2:CreateNetworkInterface\",\n            \"ec2:CreateSecurityGroup\",\n            \"ec2:CreateTags\",\n            \"ec2:DeleteNetworkInterface\",\n            \"ec2:DeleteSecurityGroup\",\n            \"ec2:DeleteTags\",\n            \"ec2:DescribeAvailabilityZones\",\n            \"ec2:DescribeAccountAttributes\",\n            \"ec2:DescribeDhcpOptions\",\n            \"ec2:DescribeInstanceStatus\",\n            \"ec2:DescribeInstances\",\n            \"ec2:DescribeKeyPairs\",\n            \"ec2:DescribeNetworkAcls\",\n            \"ec2:DescribeNetworkInterfaces\",\n            \"ec2:DescribePrefixLists\",\n            \"ec2:DescribeRouteTables\",\n            \"ec2:DescribeSecurityGroups\",\n            \"ec2:DescribeSpotInstanceRequests\",\n            \"ec2:DescribeSpotPriceHistory\",\n            \"ec2:DescribeSubnets\",\n            \"ec2:DescribeVpcAttribute\",\n            \"ec2:DescribeVpcEndpoints\",\n            \"ec2:DescribeVpcEndpointServices\",\n            \"ec2:DescribeVpcs\",\n            \"ec2:DetachNetworkInterface\",\n            \"ec2:ModifyImageAttribute\",\n            \"ec2:ModifyInstanceAttribute\",\n            \"ec2:RequestSpotInstances\",\n            \"ec2:RevokeSecurityGroupEgress\",\n            \"ec2:RunInstances\",\n            \"ec2:TerminateInstances\",\n            \"ec2:DeleteVolume\",\n            \"ec2:DescribeVolumeStatus\",\n            \"ec2:DescribeVolumes\",\n            \"ec2:DetachVolume\",\n            \"iam:GetRole\",\n            \"iam:GetRolePolicy\",\n            \"iam:ListInstanceProfiles\",\n            \"iam:ListRolePolicies\",\n            \"iam:PassRole\",\n            \"s3:CreateBucket\",\n            \"s3:Get*\",\n            \"s3:List*\",\n            \"sdb:BatchPutAttributes\",\n            \"sdb:Select\",\n            \"sqs:CreateQueue\",\n            \"sqs:Delete*\",\n            \"sqs:GetQueue*\",\n            \"sqs:PurgeQueue\",\n            \"sqs:ReceiveMessage\",\n            \"cloudwatch:PutMetricAlarm\",\n            \"cloudwatch:DescribeAlarms\",\n            \"cloudwatch:DeleteAlarms\",\n            \"application-autoscaling:RegisterScalableTarget\",\n            \"application-autoscaling:DeregisterScalableTarget\",\n            \"application-autoscaling:PutScalingPolicy\",\n            \"application-autoscaling:DeleteScalingPolicy\",\n            \"application-autoscaling:Describe*\"\n        ]\n    }]\n}\n",
                            "role": "test_greg_emr_role"
                        },
                        "meta": {},
                        "tainted": false
                    },
                    "deposed": [],
                    "provider": "provider.aws"
                },
                "aws_security_group.master": {
                    "type": "aws_security_group",
                    "depends_on": [],
                    "primary": {
                        "id": "sg-052dbb464acf81696",
                        "attributes": {
                            "arn": "arn:aws:ec2:eu-west-1:087131782018:security-group/sg-052dbb464acf81696",
                            "description": "master inbound ssh",
                            "egress.#": "1",
                            "egress.482069346.cidr_blocks.#": "1",
                            "egress.482069346.cidr_blocks.0": "0.0.0.0/0",
                            "egress.482069346.description": "",
                            "egress.482069346.from_port": "0",
                            "egress.482069346.ipv6_cidr_blocks.#": "0",
                            "egress.482069346.prefix_list_ids.#": "0",
                            "egress.482069346.protocol": "-1",
                            "egress.482069346.security_groups.#": "0",
                            "egress.482069346.self": "false",
                            "egress.482069346.to_port": "0",
                            "id": "sg-052dbb464acf81696",
                            "ingress.#": "2",
                            "ingress.2214680975.cidr_blocks.#": "1",
                            "ingress.2214680975.cidr_blocks.0": "0.0.0.0/0",
                            "ingress.2214680975.description": "",
                            "ingress.2214680975.from_port": "80",
                            "ingress.2214680975.ipv6_cidr_blocks.#": "0",
                            "ingress.2214680975.protocol": "tcp",
                            "ingress.2214680975.security_groups.#": "0",
                            "ingress.2214680975.self": "false",
                            "ingress.2214680975.to_port": "80",
                            "ingress.2541437006.cidr_blocks.#": "1",
                            "ingress.2541437006.cidr_blocks.0": "0.0.0.0/0",
                            "ingress.2541437006.description": "",
                            "ingress.2541437006.from_port": "22",
                            "ingress.2541437006.ipv6_cidr_blocks.#": "0",
                            "ingress.2541437006.protocol": "tcp",
                            "ingress.2541437006.security_groups.#": "0",
                            "ingress.2541437006.self": "false",
                            "ingress.2541437006.to_port": "22",
                            "name": "test-greg-emr-master",
                            "owner_id": "087131782018",
                            "revoke_rules_on_delete": "false",
                            "tags.%": "1",
                            "tags.Name": "test-greg-master-sg",
                            "vpc_id": "vpc-007d219f00a23991f"
                        },
                        "meta": {
                            "e2bfb730-ecaa-11e6-8f88-34363bc7c4c0": {
                                "create": 600000000000,
                                "delete": 600000000000
                            },
                            "schema_version": "1"
                        },
                        "tainted": false
                    },
                    "deposed": [],
                    "provider": "provider.aws"
                },
                "aws_security_group.slave": {
                    "type": "aws_security_group",
                    "depends_on": [],
                    "primary": {
                        "id": "sg-0bb3aac88102c9a88",
                        "attributes": {
                            "arn": "arn:aws:ec2:eu-west-1:087131782018:security-group/sg-0bb3aac88102c9a88",
                            "description": "slave inbound ssh",
                            "egress.#": "1",
                            "egress.482069346.cidr_blocks.#": "1",
                            "egress.482069346.cidr_blocks.0": "0.0.0.0/0",
                            "egress.482069346.description": "",
                            "egress.482069346.from_port": "0",
                            "egress.482069346.ipv6_cidr_blocks.#": "0",
                            "egress.482069346.prefix_list_ids.#": "0",
                            "egress.482069346.protocol": "-1",
                            "egress.482069346.security_groups.#": "0",
                            "egress.482069346.self": "false",
                            "egress.482069346.to_port": "0",
                            "id": "sg-0bb3aac88102c9a88",
                            "ingress.#": "2",
                            "ingress.2214680975.cidr_blocks.#": "1",
                            "ingress.2214680975.cidr_blocks.0": "0.0.0.0/0",
                            "ingress.2214680975.description": "",
                            "ingress.2214680975.from_port": "80",
                            "ingress.2214680975.ipv6_cidr_blocks.#": "0",
                            "ingress.2214680975.protocol": "tcp",
                            "ingress.2214680975.security_groups.#": "0",
                            "ingress.2214680975.self": "false",
                            "ingress.2214680975.to_port": "80",
                            "ingress.2541437006.cidr_blocks.#": "1",
                            "ingress.2541437006.cidr_blocks.0": "0.0.0.0/0",
                            "ingress.2541437006.description": "",
                            "ingress.2541437006.from_port": "22",
                            "ingress.2541437006.ipv6_cidr_blocks.#": "0",
                            "ingress.2541437006.protocol": "tcp",
                            "ingress.2541437006.security_groups.#": "0",
                            "ingress.2541437006.self": "false",
                            "ingress.2541437006.to_port": "22",
                            "name": "test-greg-emr-slave",
                            "owner_id": "087131782018",
                            "revoke_rules_on_delete": "false",
                            "tags.%": "1",
                            "tags.Name": "test-greg-slave-sg",
                            "vpc_id": "vpc-007d219f00a23991f"
                        },
                        "meta": {
                            "e2bfb730-ecaa-11e6-8f88-34363bc7c4c0": {
                                "create": 600000000000,
                                "delete": 600000000000
                            },
                            "schema_version": "1"
                        },
                        "tainted": false
                    },
                    "deposed": [],
                    "provider": "provider.aws"
                }
            },
            "depends_on": []
        },
        {
            "path": [
                "root",
                "vpc"
            ],
            "outputs": {
                "default_security_group_id": {
                    "sensitive": false,
                    "type": "string",
                    "value": "sg-078649bd303be9cc3"
                },
                "igw_id": {
                    "sensitive": false,
                    "type": "string",
                    "value": "igw-037be06c7814e15a2"
                },
                "nat_eips": {
                    "sensitive": false,
                    "type": "list",
                    "value": []
                },
                "private_route_table_ids": {
                    "sensitive": false,
                    "type": "list",
                    "value": [
                        "rtb-03c5f4f52e4d0280b"
                    ]
                },
                "private_subnets": {
                    "sensitive": false,
                    "type": "list",
                    "value": [
                        "subnet-0f94f3803c2b6901b"
                    ]
                },
                "public_route_table_ids": {
                    "sensitive": false,
                    "type": "list",
                    "value": [
                        "rtb-06f0343ce5b30bdd5"
                    ]
                },
                "public_subnets": {
                    "sensitive": false,
                    "type": "list",
                    "value": [
                        "subnet-00a4e072ccde161ff"
                    ]
                },
                "vpc_id": {
                    "sensitive": false,
                    "type": "string",
                    "value": "vpc-007d219f00a23991f"
                }
            },
            "resources": {
                "aws_internet_gateway.mod": {
                    "type": "aws_internet_gateway",
                    "depends_on": [
                        "aws_vpc.mod"
                    ],
                    "primary": {
                        "id": "igw-037be06c7814e15a2",
                        "attributes": {
                            "id": "igw-037be06c7814e15a2",
                            "tags.%": "1",
                            "tags.Name": "emr_gw_test_greg",
                            "vpc_id": "vpc-007d219f00a23991f"
                        },
                        "meta": {},
                        "tainted": false
                    },
                    "deposed": [],
                    "provider": "provider.aws"
                },
                "aws_route.public_internet_gateway": {
                    "type": "aws_route",
                    "depends_on": [
                        "aws_internet_gateway.mod",
                        "aws_route_table.public"
                    ],
                    "primary": {
                        "id": "r-rtb-06f0343ce5b30bdd51080289494",
                        "attributes": {
                            "destination_cidr_block": "0.0.0.0/0",
                            "destination_prefix_list_id": "",
                            "egress_only_gateway_id": "",
                            "gateway_id": "igw-037be06c7814e15a2",
                            "id": "r-rtb-06f0343ce5b30bdd51080289494",
                            "instance_id": "",
                            "instance_owner_id": "",
                            "nat_gateway_id": "",
                            "network_interface_id": "",
                            "origin": "CreateRoute",
                            "route_table_id": "rtb-06f0343ce5b30bdd5",
                            "state": "active",
                            "vpc_peering_connection_id": ""
                        },
                        "meta": {
                            "e2bfb730-ecaa-11e6-8f88-34363bc7c4c0": {
                                "create": 120000000000,
                                "delete": 300000000000
                            }
                        },
                        "tainted": false
                    },
                    "deposed": [],
                    "provider": "provider.aws"
                },
                "aws_route_table.private": {
                    "type": "aws_route_table",
                    "depends_on": [
                        "aws_vpc.mod"
                    ],
                    "primary": {
                        "id": "rtb-03c5f4f52e4d0280b",
                        "attributes": {
                            "id": "rtb-03c5f4f52e4d0280b",
                            "propagating_vgws.#": "0",
                            "route.#": "0",
                            "tags.%": "1",
                            "tags.Name": "emr_rb_pri_test_greg",
                            "vpc_id": "vpc-007d219f00a23991f"
                        },
                        "meta": {},
                        "tainted": false
                    },
                    "deposed": [],
                    "provider": "provider.aws"
                },
                "aws_route_table.public": {
                    "type": "aws_route_table",
                    "depends_on": [
                        "aws_vpc.mod"
                    ],
                    "primary": {
                        "id": "rtb-06f0343ce5b30bdd5",
                        "attributes": {
                            "id": "rtb-06f0343ce5b30bdd5",
                            "propagating_vgws.#": "0",
                            "route.#": "0",
                            "tags.%": "1",
                            "tags.Name": "emr_rt_pub_test_greg",
                            "vpc_id": "vpc-007d219f00a23991f"
                        },
                        "meta": {},
                        "tainted": false
                    },
                    "deposed": [],
                    "provider": "provider.aws"
                },
                "aws_route_table_association.private": {
                    "type": "aws_route_table_association",
                    "depends_on": [
                        "aws_route_table.private.*",
                        "aws_subnet.private.*"
                    ],
                    "primary": {
                        "id": "rtbassoc-0e8a386075e528474",
                        "attributes": {
                            "id": "rtbassoc-0e8a386075e528474",
                            "route_table_id": "rtb-03c5f4f52e4d0280b",
                            "subnet_id": "subnet-0f94f3803c2b6901b"
                        },
                        "meta": {},
                        "tainted": false
                    },
                    "deposed": [],
                    "provider": "provider.aws"
                },
                "aws_route_table_association.public": {
                    "type": "aws_route_table_association",
                    "depends_on": [
                        "aws_route_table.public",
                        "aws_subnet.public.*"
                    ],
                    "primary": {
                        "id": "rtbassoc-0134db91ee3917f65",
                        "attributes": {
                            "id": "rtbassoc-0134db91ee3917f65",
                            "route_table_id": "rtb-06f0343ce5b30bdd5",
                            "subnet_id": "subnet-00a4e072ccde161ff"
                        },
                        "meta": {},
                        "tainted": false
                    },
                    "deposed": [],
                    "provider": "provider.aws"
                },
                "aws_subnet.private": {
                    "type": "aws_subnet",
                    "depends_on": [
                        "aws_vpc.mod"
                    ],
                    "primary": {
                        "id": "subnet-0f94f3803c2b6901b",
                        "attributes": {
                            "arn": "arn:aws:ec2:eu-west-1:087131782018:subnet/subnet-0f94f3803c2b6901b",
                            "assign_ipv6_address_on_creation": "false",
                            "availability_zone": "eu-west-1a",
                            "cidr_block": "10.200.1.0/24",
                            "id": "subnet-0f94f3803c2b6901b",
                            "map_public_ip_on_launch": "false",
                            "tags.%": "1",
                            "tags.Name": "emr_sub_pri_test_greg",
                            "vpc_id": "vpc-007d219f00a23991f"
                        },
                        "meta": {
                            "schema_version": "1"
                        },
                        "tainted": false
                    },
                    "deposed": [],
                    "provider": "provider.aws"
                },
                "aws_subnet.public": {
                    "type": "aws_subnet",
                    "depends_on": [
                        "aws_vpc.mod"
                    ],
                    "primary": {
                        "id": "subnet-00a4e072ccde161ff",
                        "attributes": {
                            "arn": "arn:aws:ec2:eu-west-1:087131782018:subnet/subnet-00a4e072ccde161ff",
                            "assign_ipv6_address_on_creation": "false",
                            "availability_zone": "eu-west-1a",
                            "cidr_block": "10.200.101.0/24",
                            "id": "subnet-00a4e072ccde161ff",
                            "map_public_ip_on_launch": "true",
                            "tags.%": "1",
                            "tags.Name": "emr_sub_pub_test_greg",
                            "vpc_id": "vpc-007d219f00a23991f"
                        },
                        "meta": {
                            "schema_version": "1"
                        },
                        "tainted": false
                    },
                    "deposed": [],
                    "provider": "provider.aws"
                },
                "aws_vpc.mod": {
                    "type": "aws_vpc",
                    "depends_on": [],
                    "primary": {
                        "id": "vpc-007d219f00a23991f",
                        "attributes": {
                            "arn": "arn:aws:ec2:eu-west-1:087131782018:vpc/vpc-007d219f00a23991f",
                            "assign_generated_ipv6_cidr_block": "false",
                            "cidr_block": "10.200.0.0/16",
                            "default_network_acl_id": "acl-0f2aa1e3d77c25cac",
                            "default_route_table_id": "rtb-06bf7e1cf6f81423d",
                            "default_security_group_id": "sg-078649bd303be9cc3",
                            "dhcp_options_id": "dopt-c52265a1",
                            "enable_classiclink": "false",
                            "enable_classiclink_dns_support": "false",
                            "enable_dns_hostnames": "true",
                            "enable_dns_support": "true",
                            "id": "vpc-007d219f00a23991f",
                            "instance_tenancy": "default",
                            "main_route_table_id": "rtb-06bf7e1cf6f81423d",
                            "tags.%": "1",
                            "tags.Name": "emr_vpc_test_greg"
                        },
                        "meta": {
                            "schema_version": "1"
                        },
                        "tainted": false
                    },
                    "deposed": [],
                    "provider": "provider.aws"
                },
                "aws_vpc_endpoint.s3ep": {
                    "type": "aws_vpc_endpoint",
                    "depends_on": [
                        "aws_vpc.mod",
                        "data.aws_vpc_endpoint_service.s3"
                    ],
                    "primary": {
                        "id": "vpce-0d5ae67cccc655b4c",
                        "attributes": {
                            "cidr_blocks.#": "2",
                            "cidr_blocks.0": "52.218.0.0/17",
                            "cidr_blocks.1": "54.231.128.0/19",
                            "dns_entry.#": "0",
                            "id": "vpce-0d5ae67cccc655b4c",
                            "network_interface_ids.#": "0",
                            "policy": "{\"Statement\":[{\"Action\":\"*\",\"Effect\":\"Allow\",\"Principal\":\"*\",\"Resource\":\"*\"}],\"Version\":\"2008-10-17\"}",
                            "prefix_list_id": "pl-6da54004",
                            "private_dns_enabled": "false",
                            "route_table_ids.#": "0",
                            "security_group_ids.#": "0",
                            "service_name": "com.amazonaws.eu-west-1.s3",
                            "state": "available",
                            "subnet_ids.#": "0",
                            "vpc_endpoint_type": "Gateway",
                            "vpc_id": "vpc-007d219f00a23991f"
                        },
                        "meta": {
                            "e2bfb730-ecaa-11e6-8f88-34363bc7c4c0": {
                                "create": 600000000000,
                                "delete": 600000000000,
                                "update": 600000000000
                            }
                        },
                        "tainted": false
                    },
                    "deposed": [],
                    "provider": "provider.aws"
                },
                "aws_vpc_endpoint_route_table_association.private_s3": {
                    "type": "aws_vpc_endpoint_route_table_association",
                    "depends_on": [
                        "aws_route_table.private.*",
                        "aws_vpc_endpoint.s3ep"
                    ],
                    "primary": {
                        "id": "a-vpce-0d5ae67cccc655b4c1432692715",
                        "attributes": {
                            "id": "a-vpce-0d5ae67cccc655b4c1432692715",
                            "route_table_id": "rtb-03c5f4f52e4d0280b",
                            "vpc_endpoint_id": "vpce-0d5ae67cccc655b4c"
                        },
                        "meta": {},
                        "tainted": false
                    },
                    "deposed": [],
                    "provider": "provider.aws"
                },
                "aws_vpc_endpoint_route_table_association.public_s3": {
                    "type": "aws_vpc_endpoint_route_table_association",
                    "depends_on": [
                        "aws_route_table.public.*",
                        "aws_vpc_endpoint.s3ep"
                    ],
                    "primary": {
                        "id": "a-vpce-0d5ae67cccc655b4c2796984026",
                        "attributes": {
                            "id": "a-vpce-0d5ae67cccc655b4c2796984026",
                            "route_table_id": "rtb-06f0343ce5b30bdd5",
                            "vpc_endpoint_id": "vpce-0d5ae67cccc655b4c"
                        },
                        "meta": {},
                        "tainted": false
                    },
                    "deposed": [],
                    "provider": "provider.aws"
                },
                "data.aws_vpc_endpoint_service.s3": {
                    "type": "aws_vpc_endpoint_service",
                    "depends_on": [],
                    "primary": {
                        "id": "3917145344",
                        "attributes": {
                            "acceptance_required": "false",
                            "availability_zones.#": "3",
                            "availability_zones.1924028850": "eu-west-1b",
                            "availability_zones.3953592328": "eu-west-1a",
                            "availability_zones.94988580": "eu-west-1c",
                            "base_endpoint_dns_names.#": "1",
                            "base_endpoint_dns_names.3522864364": "s3.eu-west-1.amazonaws.com",
                            "id": "3917145344",
                            "owner": "amazon",
                            "private_dns_name": "",
                            "service": "s3",
                            "service_name": "com.amazonaws.eu-west-1.s3",
                            "service_type": "Gateway",
                            "vpc_endpoint_policy_supported": "true"
                        },
                        "meta": {},
                        "tainted": false
                    },
                    "deposed": [],
                    "provider": "provider.aws"
                }
            },
            "depends_on": []
        }
    ]
}
