{
    "version": 3,
    "terraform_version": "0.11.8",
    "serial": 4,
    "lineage": "ccf843a3-3b54-3918-efa5-2c28b640b073",
    "modules": [
        {
            "path": [
                "root"
            ],
            "outputs": {},
            "resources": {
                "aws_key_pair.deployer": {
                    "type": "aws_key_pair",
                    "depends_on": [],
                    "primary": {
                        "id": "tf_key",
                        "attributes": {
                            "fingerprint": "1b:98:dc:b8:f5:2b:37:ab:6f:e6:0f:36:22:99:b0:36",
                            "id": "tf_key",
                            "key_name": "tf_key",
                            "public_key": "ssh-rsa AAAAB3NzaC1yc2EAAAADAQABAAABAQDQeGiLjSASH2WJryBEtORLfXpua7otz6byLfPnxiqMtZoVFBFukUey8y6SfZiHwpcHNBuq8GH+ovpVBu+BowP0z4Owd/n4EmTnwd28LKtX/0jV3RJgt6cW3twWOtgvKmqL5xYB3/EkQ5zpRJbdCPHa2I58XEye82zVKDQvQrARGj6r+XkchNrkhtQrlaSD9OE8dFfgpVQcD9i33gjA1n2Uai5uku3Rilz0zWlt957rEwFOFGF46Vt3FQ/P5wYSA3A9iP+gUYbnoQ7FH+Rc80tddWTcfIrUa2AApblnj9CC5yjstbAj6OW/tPzVVWpiwC/c47fbTsyZr2nBoRS4cf65 ec2-user@ip-172-31-27-66.eu-west-1.compute.internal"
                        },
                        "meta": {
                            "schema_version": "1"
                        },
                        "tainted": false
                    },
                    "deposed": [],
                    "provider": "provider.aws"
                }
            },
            "depends_on": []
        },
        {
            "path": [
                "root",
                "emr"
            ],
            "outputs": {},
            "resources": {
                "aws_emr_cluster.emr-cluster": {
                    "type": "aws_emr_cluster",
                    "depends_on": [
                        "aws_iam_instance_profile.test_greg_ec2_profile",
                        "aws_iam_role.test_greg_emr_role",
                        "aws_security_group.master",
                        "aws_security_group.slave"
                    ],
                    "primary": {
                        "id": "j-18ZULN71PP639",
                        "attributes": {
                            "applications.#": "8",
                            "applications.1018058942": "Tez",
                            "applications.1557323817": "Spark",
                            "applications.2086606022": "Hive",
                            "applications.3006569794": "Hadoop",
                            "applications.3213210460": "ZooKeeper",
                            "applications.3601322644": "HCatalog",
                            "applications.3998752014": "Hue",
                            "applications.4065266680": "Presto",
                            "autoscaling_role": "",
                            "bootstrap_action.#": "0",
                            "cluster_state": "WAITING",
                            "core_instance_count": "4",
                            "core_instance_type": "m4.xlarge",
                            "ebs_root_volume_size": "0",
                            "ec2_attributes.#": "1",
                            "ec2_attributes.0.additional_master_security_groups": "",
                            "ec2_attributes.0.additional_slave_security_groups": "",
                            "ec2_attributes.0.emr_managed_master_security_group": "sg-052dbb464acf81696",
                            "ec2_attributes.0.emr_managed_slave_security_group": "sg-0bb3aac88102c9a88",
                            "ec2_attributes.0.instance_profile": "arn:aws:iam::087131782018:instance-profile/test_greg_ec2_profile",
                            "ec2_attributes.0.key_name": "tf_key",
                            "ec2_attributes.0.service_access_security_group": "",
                            "ec2_attributes.0.subnet_id": "subnet-00a4e072ccde161ff",
                            "id": "j-18ZULN71PP639",
                            "kerberos_attributes.#": "0",
                            "log_uri": "",
                            "master_instance_type": "m4.xlarge",
                            "master_public_dns": "ec2-34-247-90-135.eu-west-1.compute.amazonaws.com",
                            "name": "test-greg-ceres",
                            "release_label": "emr-5.16.0",
                            "scale_down_behavior": "TERMINATE_AT_TASK_COMPLETION",
                            "security_configuration": "",
                            "service_role": "arn:aws:iam::087131782018:role/test_greg_emr_role",
                            "step.#": "0",
                            "tags.%": "1",
                            "tags.Name": "emr-gregTest-1",
                            "visible_to_all_users": "true"
                        },
                        "meta": {},
                        "tainted": false
                    },
                    "deposed": [],
                    "provider": "provider.aws"
                },
                "aws_iam_instance_profile.test_greg_ec2_profile": {
                    "type": "aws_iam_instance_profile",
                    "depends_on": [
                        "aws_iam_role.test_greg_ec2_role"
                    ],
                    "primary": {
                        "id": "test_greg_ec2_profile",
                        "attributes": {
                            "arn": "arn:aws:iam::087131782018:instance-profile/test_greg_ec2_profile",
                            "create_date": "2018-08-27T13:10:30Z",
                            "id": "test_greg_ec2_profile",
                            "name": "test_greg_ec2_profile",
                            "path": "/",
                            "role": "test_greg_ec2_role",
                            "roles.#": "1",
                            "roles.2326448922": "test_greg_ec2_role",
                            "unique_id": "AIPAIL7JXLHHCGNUN3FDW"
                        },
                        "meta": {},
                        "tainted": false
                    },
                    "deposed": [],
                    "provider": "provider.aws"
                },
                "aws_iam_role.test_greg_ec2_role": {
                    "type": "aws_iam_role",
                    "depends_on": [],
                    "primary": {
                        "id": "test_greg_ec2_role",
                        "attributes": {
                            "arn": "arn:aws:iam::087131782018:role/test_greg_ec2_role",
                            "assume_role_policy": "{\"Version\":\"2008-10-17\",\"Statement\":[{\"Sid\":\"\",\"Effect\":\"Allow\",\"Principal\":{\"Service\":\"ec2.amazonaws.com\"},\"Action\":\"sts:AssumeRole\"}]}",
                            "create_date": "2018-08-27T13:10:29Z",
                            "description": "",
                            "force_detach_policies": "false",
                            "id": "test_greg_ec2_role",
                            "max_session_duration": "3600",
                            "name": "test_greg_ec2_role",
                            "path": "/",
                            "unique_id": "AROAJTZW2BZ6YUEOLIT7Q"
                        },
                        "meta": {},
                        "tainted": false
                    },
                    "deposed": [],
                    "provider": "provider.aws"
                },
                "aws_iam_role.test_greg_emr_role": {
                    "type": "aws_iam_role",
                    "depends_on": [],
                    "primary": {
                        "id": "test_greg_emr_role",
                        "attributes": {
                            "arn": "arn:aws:iam::087131782018:role/test_greg_emr_role",
                            "assume_role_policy": "{\"Version\":\"2008-10-17\",\"Statement\":[{\"Sid\":\"\",\"Effect\":\"Allow\",\"Principal\":{\"Service\":\"elasticmapreduce.amazonaws.com\"},\"Action\":\"sts:AssumeRole\"}]}",
                            "create_date": "2018-08-27T13:10:29Z",
                            "description": "",
                            "force_detach_policies": "false",
                            "id": "test_greg_emr_role",
                            "max_session_duration": "3600",
                            "name": "test_greg_emr_role",
                            "path": "/",
                            "unique_id": "AROAIF5L6YUWC3B5IM44Y"
                        },
                        "meta": {},
                        "tainted": false
                    },
                    "deposed": [],
                    "provider": "provider.aws"
                },
                "aws_iam_role_policy.test_greg_ec2_policy": {
                    "type": "aws_iam_role_policy",
                    "depends_on": [
                        "aws_iam_role.test_greg_ec2_role"
                    ],
                    "primary": {
                        "id": "",
                        "attributes": {},
                        "meta": {},
                        "tainted": false
                    },
                    "deposed": [],
                    "provider": "provider.aws"
                },
                "aws_iam_role_policy.test_greg_emr_policy": {
                    "type": "aws_iam_role_policy",
                    "depends_on": [
                        "aws_iam_role.test_greg_emr_role"
                    ],
                    "primary": {
                        "id": "",
                        "attributes": {},
                        "meta": {},
                        "tainted": false
                    },
                    "deposed": [],
                    "provider": "provider.aws"
                },
                "aws_security_group.master": {
                    "type": "aws_security_group",
                    "depends_on": [],
                    "primary": {
                        "id": "sg-052dbb464acf81696",
                        "attributes": {
                            "arn": "arn:aws:ec2:eu-west-1:087131782018:security-group/sg-052dbb464acf81696",
                            "description": "master inbound ssh",
                            "egress.#": "1",
                            "egress.482069346.cidr_blocks.#": "1",
                            "egress.482069346.cidr_blocks.0": "0.0.0.0/0",
                            "egress.482069346.description": "",
                            "egress.482069346.from_port": "0",
                            "egress.482069346.ipv6_cidr_blocks.#": "0",
                            "egress.482069346.prefix_list_ids.#": "0",
                            "egress.482069346.protocol": "-1",
                            "egress.482069346.security_groups.#": "0",
                            "egress.482069346.self": "false",
                            "egress.482069346.to_port": "0",
                            "id": "sg-052dbb464acf81696",
                            "ingress.#": "6",
                            "ingress.1574091682.cidr_blocks.#": "4",
                            "ingress.1574091682.cidr_blocks.0": "87.238.84.64/29",
                            "ingress.1574091682.cidr_blocks.1": "54.239.99.0/24",
                            "ingress.1574091682.cidr_blocks.2": "87.238.80.64/29",
                            "ingress.1574091682.cidr_blocks.3": "54.240.197.0/24",
                            "ingress.1574091682.description": "",
                            "ingress.1574091682.from_port": "8443",
                            "ingress.1574091682.ipv6_cidr_blocks.#": "0",
                            "ingress.1574091682.protocol": "tcp",
                            "ingress.1574091682.security_groups.#": "0",
                            "ingress.1574091682.self": "false",
                            "ingress.1574091682.to_port": "8443",
                            "ingress.2214680975.cidr_blocks.#": "1",
                            "ingress.2214680975.cidr_blocks.0": "0.0.0.0/0",
                            "ingress.2214680975.description": "",
                            "ingress.2214680975.from_port": "80",
                            "ingress.2214680975.ipv6_cidr_blocks.#": "0",
                            "ingress.2214680975.protocol": "tcp",
                            "ingress.2214680975.security_groups.#": "0",
                            "ingress.2214680975.self": "false",
                            "ingress.2214680975.to_port": "80",
                            "ingress.2541437006.cidr_blocks.#": "1",
                            "ingress.2541437006.cidr_blocks.0": "0.0.0.0/0",
                            "ingress.2541437006.description": "",
                            "ingress.2541437006.from_port": "22",
                            "ingress.2541437006.ipv6_cidr_blocks.#": "0",
                            "ingress.2541437006.protocol": "tcp",
                            "ingress.2541437006.security_groups.#": "0",
                            "ingress.2541437006.self": "false",
                            "ingress.2541437006.to_port": "22",
                            "ingress.3854512413.cidr_blocks.#": "0",
                            "ingress.3854512413.description": "",
                            "ingress.3854512413.from_port": "0",
                            "ingress.3854512413.ipv6_cidr_blocks.#": "0",
                            "ingress.3854512413.protocol": "tcp",
                            "ingress.3854512413.security_groups.#": "1",
                            "ingress.3854512413.security_groups.2417705469": "sg-0bb3aac88102c9a88",
                            "ingress.3854512413.self": "true",
                            "ingress.3854512413.to_port": "65535",
                            "ingress.45610645.cidr_blocks.#": "0",
                            "ingress.45610645.description": "",
                            "ingress.45610645.from_port": "-1",
                            "ingress.45610645.ipv6_cidr_blocks.#": "0",
                            "ingress.45610645.protocol": "icmp",
                            "ingress.45610645.security_groups.#": "1",
                            "ingress.45610645.security_groups.2417705469": "sg-0bb3aac88102c9a88",
                            "ingress.45610645.self": "true",
                            "ingress.45610645.to_port": "-1",
                            "ingress.733600680.cidr_blocks.#": "0",
                            "ingress.733600680.description": "",
                            "ingress.733600680.from_port": "0",
                            "ingress.733600680.ipv6_cidr_blocks.#": "0",
                            "ingress.733600680.protocol": "udp",
                            "ingress.733600680.security_groups.#": "1",
                            "ingress.733600680.security_groups.2417705469": "sg-0bb3aac88102c9a88",
                            "ingress.733600680.self": "true",
                            "ingress.733600680.to_port": "65535",
                            "name": "test-greg-emr-master",
                            "owner_id": "087131782018",
                            "revoke_rules_on_delete": "false",
                            "tags.%": "1",
                            "tags.Name": "test-greg-master-sg",
                            "vpc_id": "vpc-007d219f00a23991f"
                        },
                        "meta": {
                            "e2bfb730-ecaa-11e6-8f88-34363bc7c4c0": {
                                "create": 600000000000,
                                "delete": 600000000000
                            },
                            "schema_version": "1"
                        },
                        "tainted": false
                    },
                    "deposed": [],
                    "provider": "provider.aws"
                },
                "aws_security_group.slave": {
                    "type": "aws_security_group",
                    "depends_on": [],
                    "primary": {
                        "id": "sg-0bb3aac88102c9a88",
                        "attributes": {
                            "arn": "arn:aws:ec2:eu-west-1:087131782018:security-group/sg-0bb3aac88102c9a88",
                            "description": "slave inbound ssh",
                            "egress.#": "1",
                            "egress.482069346.cidr_blocks.#": "1",
                            "egress.482069346.cidr_blocks.0": "0.0.0.0/0",
                            "egress.482069346.description": "",
                            "egress.482069346.from_port": "0",
                            "egress.482069346.ipv6_cidr_blocks.#": "0",
                            "egress.482069346.prefix_list_ids.#": "0",
                            "egress.482069346.protocol": "-1",
                            "egress.482069346.security_groups.#": "0",
                            "egress.482069346.self": "false",
                            "egress.482069346.to_port": "0",
                            "id": "sg-0bb3aac88102c9a88",
                            "ingress.#": "5",
                            "ingress.1916409901.cidr_blocks.#": "0",
                            "ingress.1916409901.description": "",
                            "ingress.1916409901.from_port": "0",
                            "ingress.1916409901.ipv6_cidr_blocks.#": "0",
                            "ingress.1916409901.protocol": "tcp",
                            "ingress.1916409901.security_groups.#": "1",
                            "ingress.1916409901.security_groups.3354130934": "sg-052dbb464acf81696",
                            "ingress.1916409901.self": "true",
                            "ingress.1916409901.to_port": "65535",
                            "ingress.2214680975.cidr_blocks.#": "1",
                            "ingress.2214680975.cidr_blocks.0": "0.0.0.0/0",
                            "ingress.2214680975.description": "",
                            "ingress.2214680975.from_port": "80",
                            "ingress.2214680975.ipv6_cidr_blocks.#": "0",
                            "ingress.2214680975.protocol": "tcp",
                            "ingress.2214680975.security_groups.#": "0",
                            "ingress.2214680975.self": "false",
                            "ingress.2214680975.to_port": "80",
                            "ingress.2503139237.cidr_blocks.#": "0",
                            "ingress.2503139237.description": "",
                            "ingress.2503139237.from_port": "-1",
                            "ingress.2503139237.ipv6_cidr_blocks.#": "0",
                            "ingress.2503139237.protocol": "icmp",
                            "ingress.2503139237.security_groups.#": "1",
                            "ingress.2503139237.security_groups.3354130934": "sg-052dbb464acf81696",
                            "ingress.2503139237.self": "true",
                            "ingress.2503139237.to_port": "-1",
                            "ingress.2541437006.cidr_blocks.#": "1",
                            "ingress.2541437006.cidr_blocks.0": "0.0.0.0/0",
                            "ingress.2541437006.description": "",
                            "ingress.2541437006.from_port": "22",
                            "ingress.2541437006.ipv6_cidr_blocks.#": "0",
                            "ingress.2541437006.protocol": "tcp",
                            "ingress.2541437006.security_groups.#": "0",
                            "ingress.2541437006.self": "false",
                            "ingress.2541437006.to_port": "22",
                            "ingress.3158110872.cidr_blocks.#": "0",
                            "ingress.3158110872.description": "",
                            "ingress.3158110872.from_port": "0",
                            "ingress.3158110872.ipv6_cidr_blocks.#": "0",
                            "ingress.3158110872.protocol": "udp",
                            "ingress.3158110872.security_groups.#": "1",
                            "ingress.3158110872.security_groups.3354130934": "sg-052dbb464acf81696",
                            "ingress.3158110872.self": "true",
                            "ingress.3158110872.to_port": "65535",
                            "name": "test-greg-emr-slave",
                            "owner_id": "087131782018",
                            "revoke_rules_on_delete": "false",
                            "tags.%": "1",
                            "tags.Name": "test-greg-slave-sg",
                            "vpc_id": "vpc-007d219f00a23991f"
                        },
                        "meta": {
                            "e2bfb730-ecaa-11e6-8f88-34363bc7c4c0": {
                                "create": 600000000000,
                                "delete": 600000000000
                            },
                            "schema_version": "1"
                        },
                        "tainted": false
                    },
                    "deposed": [],
                    "provider": "provider.aws"
                }
            },
            "depends_on": []
        },
        {
            "path": [
                "root",
                "vpc"
            ],
            "outputs": {
                "default_security_group_id": {
                    "sensitive": false,
                    "type": "string",
                    "value": "sg-078649bd303be9cc3"
                },
                "igw_id": {
                    "sensitive": false,
                    "type": "string",
                    "value": "igw-037be06c7814e15a2"
                },
                "private_route_table_ids": {
                    "sensitive": false,
                    "type": "list",
                    "value": [
                        "rtb-03c5f4f52e4d0280b"
                    ]
                },
                "private_subnets": {
                    "sensitive": false,
                    "type": "list",
                    "value": [
                        "subnet-0f94f3803c2b6901b"
                    ]
                },
                "public_route_table_ids": {
                    "sensitive": false,
                    "type": "list",
                    "value": [
                        "rtb-06f0343ce5b30bdd5"
                    ]
                },
                "public_subnets": {
                    "sensitive": false,
                    "type": "list",
                    "value": [
                        "subnet-00a4e072ccde161ff"
                    ]
                },
                "vpc_id": {
                    "sensitive": false,
                    "type": "string",
                    "value": "vpc-007d219f00a23991f"
                }
            },
            "resources": {
                "aws_internet_gateway.mod": {
                    "type": "aws_internet_gateway",
                    "depends_on": [
                        "aws_vpc.mod"
                    ],
                    "primary": {
                        "id": "igw-037be06c7814e15a2",
                        "attributes": {
                            "id": "igw-037be06c7814e15a2",
                            "tags.%": "1",
                            "tags.Name": "emr_gw_test_greg",
                            "vpc_id": "vpc-007d219f00a23991f"
                        },
                        "meta": {},
                        "tainted": false
                    },
                    "deposed": [],
                    "provider": "provider.aws"
                },
                "aws_route.public_internet_gateway": {
                    "type": "aws_route",
                    "depends_on": [
                        "aws_internet_gateway.mod",
                        "aws_route_table.public"
                    ],
                    "primary": {
                        "id": "",
                        "attributes": {},
                        "meta": {},
                        "tainted": false
                    },
                    "deposed": [],
                    "provider": "provider.aws"
                },
                "aws_route_table.private": {
                    "type": "aws_route_table",
                    "depends_on": [
                        "aws_vpc.mod"
                    ],
                    "primary": {
                        "id": "",
                        "attributes": {},
                        "meta": {},
                        "tainted": false
                    },
                    "deposed": [],
                    "provider": "provider.aws"
                },
                "aws_route_table.public": {
                    "type": "aws_route_table",
                    "depends_on": [
                        "aws_vpc.mod"
                    ],
                    "primary": {
                        "id": "",
                        "attributes": {},
                        "meta": {},
                        "tainted": false
                    },
                    "deposed": [],
                    "provider": "provider.aws"
                },
                "aws_route_table_association.private": {
                    "type": "aws_route_table_association",
                    "depends_on": [
                        "aws_route_table.private.*",
                        "aws_subnet.private.*"
                    ],
                    "primary": {
                        "id": "",
                        "attributes": {},
                        "meta": {},
                        "tainted": false
                    },
                    "deposed": [],
                    "provider": "provider.aws"
                },
                "aws_route_table_association.public": {
                    "type": "aws_route_table_association",
                    "depends_on": [
                        "aws_route_table.public",
                        "aws_subnet.public.*"
                    ],
                    "primary": {
                        "id": "",
                        "attributes": {},
                        "meta": {},
                        "tainted": false
                    },
                    "deposed": [],
                    "provider": "provider.aws"
                },
                "aws_subnet.private": {
                    "type": "aws_subnet",
                    "depends_on": [
                        "aws_vpc.mod"
                    ],
                    "primary": {
                        "id": "",
                        "attributes": {},
                        "meta": {},
                        "tainted": false
                    },
                    "deposed": [],
                    "provider": "provider.aws"
                },
                "aws_subnet.public": {
                    "type": "aws_subnet",
                    "depends_on": [
                        "aws_vpc.mod"
                    ],
                    "primary": {
                        "id": "subnet-00a4e072ccde161ff",
                        "attributes": {
                            "arn": "arn:aws:ec2:eu-west-1:087131782018:subnet/subnet-00a4e072ccde161ff",
                            "assign_ipv6_address_on_creation": "false",
                            "availability_zone": "eu-west-1a",
                            "cidr_block": "10.200.101.0/24",
                            "id": "subnet-00a4e072ccde161ff",
                            "map_public_ip_on_launch": "true",
                            "tags.%": "1",
                            "tags.Name": "emr_sub_pub_test_greg",
                            "vpc_id": "vpc-007d219f00a23991f"
                        },
                        "meta": {
                            "schema_version": "1"
                        },
                        "tainted": false
                    },
                    "deposed": [],
                    "provider": "provider.aws"
                },
                "aws_vpc.mod": {
                    "type": "aws_vpc",
                    "depends_on": [],
                    "primary": {
                        "id": "vpc-007d219f00a23991f",
                        "attributes": {
                            "arn": "arn:aws:ec2:eu-west-1:087131782018:vpc/vpc-007d219f00a23991f",
                            "assign_generated_ipv6_cidr_block": "false",
                            "cidr_block": "10.200.0.0/16",
                            "default_network_acl_id": "acl-0f2aa1e3d77c25cac",
                            "default_route_table_id": "rtb-06bf7e1cf6f81423d",
                            "default_security_group_id": "sg-078649bd303be9cc3",
                            "dhcp_options_id": "dopt-c52265a1",
                            "enable_classiclink": "false",
                            "enable_classiclink_dns_support": "false",
                            "enable_dns_hostnames": "true",
                            "enable_dns_support": "true",
                            "id": "vpc-007d219f00a23991f",
                            "instance_tenancy": "default",
                            "main_route_table_id": "rtb-06bf7e1cf6f81423d",
                            "tags.%": "1",
                            "tags.Name": "emr_vpc_test_greg"
                        },
                        "meta": {
                            "schema_version": "1"
                        },
                        "tainted": false
                    },
                    "deposed": [],
                    "provider": "provider.aws"
                },
                "aws_vpc_endpoint.s3ep": {
                    "type": "aws_vpc_endpoint",
                    "depends_on": [
                        "aws_vpc.mod",
                        "data.aws_vpc_endpoint_service.s3"
                    ],
                    "primary": {
                        "id": "",
                        "attributes": {},
                        "meta": {},
                        "tainted": false
                    },
                    "deposed": [],
                    "provider": "provider.aws"
                },
                "aws_vpc_endpoint_route_table_association.private_s3": {
                    "type": "aws_vpc_endpoint_route_table_association",
                    "depends_on": [
                        "aws_route_table.private.*",
                        "aws_vpc_endpoint.s3ep"
                    ],
                    "primary": {
                        "id": "",
                        "attributes": {},
                        "meta": {},
                        "tainted": false
                    },
                    "deposed": [],
                    "provider": "provider.aws"
                },
                "aws_vpc_endpoint_route_table_association.public_s3": {
                    "type": "aws_vpc_endpoint_route_table_association",
                    "depends_on": [
                        "aws_route_table.public.*",
                        "aws_vpc_endpoint.s3ep"
                    ],
                    "primary": {
                        "id": "",
                        "attributes": {},
                        "meta": {},
                        "tainted": false
                    },
                    "deposed": [],
                    "provider": "provider.aws"
                },
                "data.aws_vpc_endpoint_service.s3": {
                    "type": "aws_vpc_endpoint_service",
                    "depends_on": [],
                    "primary": {
                        "id": "",
                        "attributes": {},
                        "meta": {},
                        "tainted": false
                    },
                    "deposed": [],
                    "provider": "provider.aws"
                }
            },
            "depends_on": []
        }
    ]
}
